<?xml version="1.0" encoding="utf-8"?>
<Project ToolsVersion="4.0" xmlns="http://schemas.microsoft.com/developer/msbuild/2003">
  <ItemGroup>
    <Filter Include="Source Files">
      <UniqueIdentifier>{4FC737F1-C7A5-4376-A066-2A32D752A2FF}</UniqueIdentifier>
      <Extensions>cpp;cxx;c;def</Extensions>
    </Filter>
    <Filter Include="Header Files">
      <UniqueIdentifier>{93995380-89BD-4b04-88EB-625FBE52EBFB}</UniqueIdentifier>
      <Extensions>h</Extensions>
    </Filter>
    <Filter Include="Form Files">
      <UniqueIdentifier>{99349809-55BA-4b9d-BF79-8FDBB0286EB3}</UniqueIdentifier>
      <Extensions>ui</Extensions>
    </Filter>
    <Filter Include="Resource Files">
      <UniqueIdentifier>{D9D6E242-F8AF-46E4-B9FD-80ECBC20BA3E}</UniqueIdentifier>
      <Extensions>qrc;*</Extensions>
      <ParseFiles>false</ParseFiles>
    </Filter>
    <Filter Include="Generated Files">
      <UniqueIdentifier>{71ED8ED8-ACB9-4CE9-BBE1-E00B30144E11}</UniqueIdentifier>
      <Extensions>moc;h;cpp</Extensions>
      <SourceControlFiles>False</SourceControlFiles>
    </Filter>
    <Filter Include="Generated Files\Debug">
      <UniqueIdentifier>{8f2eac2b-c0fc-4e15-8bc2-bd42de925e2f}</UniqueIdentifier>
      <Extensions>cpp;moc</Extensions>
      <SourceControlFiles>False</SourceControlFiles>
    </Filter>
    <Filter Include="Generated Files\Release">
      <UniqueIdentifier>{1abb77c1-1d8f-4760-ada9-45e5fba6d70d}</UniqueIdentifier>
      <Extensions>cpp;moc</Extensions>
      <SourceControlFiles>False</SourceControlFiles>
    </Filter>
  </ItemGroup>
  <ItemGroup>
    <ClCompile Include="main.cpp">
      <Filter>Source Files</Filter>
    </ClCompile>
    <ClCompile Include="lecture11_demo_custom_models.cpp">
      <Filter>Source Files</Filter>
    </ClCompile>
    <ClCompile Include="GeneratedFiles\Debug\moc_lecture11_demo_custom_models.cpp">
      <Filter>Generated Files\Debug</Filter>
    </ClCompile>
    <ClCompile Include="GeneratedFiles\Release\moc_lecture11_demo_custom_models.cpp">
      <Filter>Generated Files\Release</Filter>
    </ClCompile>
    <ClCompile Include="GeneratedFiles\qrc_lecture11_demo_custom_models.cpp">
      <Filter>Generated Files</Filter>
    </ClCompile>
    <ClCompile Include="Gene.cpp">
      <Filter>Source Files</Filter>
    </ClCompile>
    <ClCompile Include="GeneRepository.cpp">
      <Filter>Source Files</Filter>
    </ClCompile>
    <ClCompile Include="GenesTableModel.cpp">
      <Filter>Source Files</Filter>
    </ClCompile>
    <ClCompile Include="PaginatedGenesTableModel.cpp">
      <Filter>Source Files</Filter>
    </ClCompile>
    <ClCompile Include="PictureDelegate.cpp">
      <Filter>Source Files</Filter>
    </ClCompile>
  </ItemGroup>
  <ItemGroup>
    <CustomBuild Include="lecture11_demo_custom_models.h">
      <Filter>Header Files</Filter>
    </CustomBuild>
    <CustomBuild Include="lecture11_demo_custom_models.ui">
      <Filter>Form Files</Filter>
    </CustomBuild>
    <CustomBuild Include="lecture11_demo_custom_models.qrc">
      <Filter>Resource Files</Filter>
    </CustomBuild>
    <CustomBuild Include="PictureDelegate.h">
      <Filter>Header Files</Filter>
    </CustomBuild>
  </ItemGroup>
  <ItemGroup>
    <ClInclude Include="GeneratedFiles\ui_lecture11_demo_custom_models.h">
      <Filter>Generated Files</Filter>
    </ClInclude>
    <ClInclude Include="Gene.h">
      <Filter>Header Files</Filter>
    </ClInclude>
    <ClInclude Include="GeneRepository.h">
      <Filter>Header Files</Filter>
    </ClInclude>
    <ClInclude Include="GenesTableModel.h">
      <Filter>Header Files</Filter>
    </ClInclude>
    <ClInclude Include="PaginatedGenesTableModel.h">
      <Filter>Header Files</Filter>
    </ClInclude>
  </ItemGroup>
  <ItemGroup>
    <Text Include="Genes.txt" />
  </ItemGroup>
  <ItemGroup>
    <Image Include="Ecoli.jpg">
      <Filter>Resource Files</Filter>
    </Image>
    <Image Include="human.jpg">
      <Filter>Resource Files</Filter>
    </Image>
  </ItemGroup>
</Project>