// !$*UTF8*$!
{
	archiveVersion = 1;
	classes = {
	};
	objectVersion = 46;
	objects = {

/* Begin PBXBuildFile section */
		4CF80FF11E8A7D9200BB62F9 /* main.cpp in Sources */ = {isa = PBXBuildFile; fileRef = 4CF80FF01E8A7D9200BB62F9 /* main.cpp */; };
		4CF80FFC1E8A7E2A00BB62F9 /* song.cpp in Sources */ = {isa = PBXBuildFile; fileRef = 4CF80FFA1E8A7E2A00BB62F9 /* song.cpp */; };
		4CF80FFF1E8A84A300BB62F9 /* DynamicVector.cpp in Sources */ = {isa = PBXBuildFile; fileRef = 4CF80FFD1E8A84A300BB62F9 /* DynamicVector.cpp */; };
/* End PBXBuildFile section */

/* Begin PBXCopyFilesBuildPhase section */
		4CF80FEB1E8A7D9200BB62F9 /* CopyFiles */ = {
			isa = PBXCopyFilesBuildPhase;
			buildActionMask = 2147483647;
			dstPath = /usr/share/man/man1/;
			dstSubfolderSpec = 0;
			files = (
			);
			runOnlyForDeploymentPostprocessing = 1;
		};
/* End PBXCopyFilesBuildPhase section */

/* Begin PBXFileReference section */
		4CF80FED1E8A7D9200BB62F9 /* Seminar 3 */ = {isa = PBXFileReference; explicitFileType = "compiled.mach-o.executable"; includeInIndex = 0; path = "Seminar 3"; sourceTree = BUILT_PRODUCTS_DIR; };
		4CF80FF01E8A7D9200BB62F9 /* main.cpp */ = {isa = PBXFileReference; lastKnownFileType = sourcecode.cpp.cpp; path = main.cpp; sourceTree = "<group>"; };
		4CF80FFA1E8A7E2A00BB62F9 /* song.cpp */ = {isa = PBXFileReference; fileEncoding = 4; lastKnownFileType = sourcecode.cpp.cpp; path = song.cpp; sourceTree = "<group>"; };
		4CF80FFB1E8A7E2A00BB62F9 /* song.hpp */ = {isa = PBXFileReference; fileEncoding = 4; lastKnownFileType = sourcecode.cpp.h; path = song.hpp; sourceTree = "<group>"; };
		4CF80FFD1E8A84A300BB62F9 /* DynamicVector.cpp */ = {isa = PBXFileReference; fileEncoding = 4; lastKnownFileType = sourcecode.cpp.cpp; path = DynamicVector.cpp; sourceTree = "<group>"; };
		4CF80FFE1E8A84A300BB62F9 /* DynamicVector.hpp */ = {isa = PBXFileReference; fileEncoding = 4; lastKnownFileType = sourcecode.cpp.h; path = DynamicVector.hpp; sourceTree = "<group>"; };
/* End PBXFileReference section */

/* Begin PBXFrameworksBuildPhase section */
		4CF80FEA1E8A7D9200BB62F9 /* Frameworks */ = {
			isa = PBXFrameworksBuildPhase;
			buildActionMask = 2147483647;
			files = (
			);
			runOnlyForDeploymentPostprocessing = 0;
		};
/* End PBXFrameworksBuildPhase section */

/* Begin PBXGroup section */
		4CF80FE41E8A7D9200BB62F9 = {
			isa = PBXGroup;
			children = (
				4CF80FEF1E8A7D9200BB62F9 /* Seminar 3 */,
				4CF80FEE1E8A7D9200BB62F9 /* Products */,
			);
			sourceTree = "<group>";
		};
		4CF80FEE1E8A7D9200BB62F9 /* Products */ = {
			isa = PBXGroup;
			children = (
				4CF80FED1E8A7D9200BB62F9 /* Seminar 3 */,
			);
			name = Products;
			sourceTree = "<group>";
		};
		4CF80FEF1E8A7D9200BB62F9 /* Seminar 3 */ = {
			isa = PBXGroup;
			children = (
				4CF80FF01E8A7D9200BB62F9 /* main.cpp */,
				4CF80FFA1E8A7E2A00BB62F9 /* song.cpp */,
				4CF80FFB1E8A7E2A00BB62F9 /* song.hpp */,
				4CF80FFD1E8A84A300BB62F9 /* DynamicVector.cpp */,
				4CF80FFE1E8A84A300BB62F9 /* DynamicVector.hpp */,
			);
			path = "Seminar 3";
			sourceTree = "<group>";
		};
/* End PBXGroup section */

/* Begin PBXNativeTarget section */
		4CF80FEC1E8A7D9200BB62F9 /* Seminar 3 */ = {
			isa = PBXNativeTarget;
			buildConfigurationList = 4CF80FF41E8A7D9200BB62F9 /* Build configuration list for PBXNativeTarget "Seminar 3" */;
			buildPhases = (
				4CF80FE91E8A7D9200BB62F9 /* Sources */,
				4CF80FEA1E8A7D9200BB62F9 /* Frameworks */,
				4CF80FEB1E8A7D9200BB62F9 /* CopyFiles */,
			);
			buildRules = (
			);
			dependencies = (
			);
			name = "Seminar 3";
			productName = "Seminar 3";
			productReference = 4CF80FED1E8A7D9200BB62F9 /* Seminar 3 */;
			productType = "com.apple.product-type.tool";
		};
/* End PBXNativeTarget section */

/* Begin PBXProject section */
		4CF80FE51E8A7D9200BB62F9 /* Project object */ = {
			isa = PBXProject;
			attributes = {
				LastUpgradeCheck = 0820;
				ORGANIZATIONNAME = "Andrei Blaj";
				TargetAttributes = {
					4CF80FEC1E8A7D9200BB62F9 = {
						CreatedOnToolsVersion = 8.2.1;
						ProvisioningStyle = Automatic;
					};
				};
			};
			buildConfigurationList = 4CF80FE81E8A7D9200BB62F9 /* Build configuration list for PBXProject "Seminar 3" */;
			compatibilityVersion = "Xcode 3.2";
			developmentRegion = English;
			hasScannedForEncodings = 0;
			knownRegions = (
				en,
			);
			mainGroup = 4CF80FE41E8A7D9200BB62F9;
			productRefGroup = 4CF80FEE1E8A7D9200BB62F9 /* Products */;
			projectDirPath = "";
			projectRoot = "";
			targets = (
				4CF80FEC1E8A7D9200BB62F9 /* Seminar 3 */,
			);
		};
/* End PBXProject section */

/* Begin PBXSourcesBuildPhase section */
		4CF80FE91E8A7D9200BB62F9 /* Sources */ = {
			isa = PBXSourcesBuildPhase;
			buildActionMask = 2147483647;
			files = (
				4CF80FFC1E8A7E2A00BB62F9 /* song.cpp in Sources */,
				4CF80FFF1E8A84A300BB62F9 /* DynamicVector.cpp in Sources */,
				4CF80FF11E8A7D9200BB62F9 /* main.cpp in Sources */,
			);
			runOnlyForDeploymentPostprocessing = 0;
		};
/* End PBXSourcesBuildPhase section */

/* Begin XCBuildConfiguration section */
		4CF80FF21E8A7D9200BB62F9 /* Debug */ = {
			isa = XCBuildConfiguration;
			buildSettings = {
				ALWAYS_SEARCH_USER_PATHS = NO;
				CLANG_ANALYZER_NONNULL = YES;
				CLANG_CXX_LANGUAGE_STANDARD = "gnu++0x";
				CLANG_CXX_LIBRARY = "libc++";
				CLANG_ENABLE_MODULES = YES;
				CLANG_ENABLE_OBJC_ARC = YES;
				CLANG_WARN_BOOL_CONVERSION = YES;
				CLANG_WARN_CONSTANT_CONVERSION = YES;
				CLANG_WARN_DIRECT_OBJC_ISA_USAGE = YES_ERROR;
				CLANG_WARN_DOCUMENTATION_COMMENTS = YES;
				CLANG_WARN_EMPTY_BODY = YES;
				CLANG_WARN_ENUM_CONVERSION = YES;
				CLANG_WARN_INFINITE_RECURSION = YES;
				CLANG_WARN_INT_CONVERSION = YES;
				CLANG_WARN_OBJC_ROOT_CLASS = YES_ERROR;
				CLANG_WARN_SUSPICIOUS_MOVE = YES;
				CLANG_WARN_UNREACHABLE_CODE = YES;
				CLANG_WARN__DUPLICATE_METHOD_MATCH = YES;
				CODE_SIGN_IDENTITY = "-";
				COPY_PHASE_STRIP = NO;
				DEBUG_INFORMATION_FORMAT = dwarf;
				ENABLE_STRICT_OBJC_MSGSEND = YES;
				ENABLE_TESTABILITY = YES;
				GCC_C_LANGUAGE_STANDARD = gnu99;
				GCC_DYNAMIC_NO_PIC = NO;
				GCC_NO_COMMON_BLOCKS = YES;
				GCC_OPTIMIZATION_LEVEL = 0;
				GCC_PREPROCESSOR_DEFINITIONS = (
					"DEBUG=1",
					"$(inherited)",
				);
				GCC_WARN_64_TO_32_BIT_CONVERSION = YES;
				GCC_WARN_ABOUT_RETURN_TYPE = YES_ERROR;
				GCC_WARN_UNDECLARED_SELECTOR = YES;
				GCC_WARN_UNINITIALIZED_AUTOS = YES_AGGRESSIVE;
				GCC_WARN_UNUSED_FUNCTION = YES;
				GCC_WARN_UNUSED_VARIABLE = YES;
				MACOSX_DEPLOYMENT_TARGET = 10.12;
				MTL_ENABLE_DEBUG_INFO = YES;
				ONLY_ACTIVE_ARCH = YES;
				SDKROOT = macosx;
			};
			name = Debug;
		};
		4CF80FF31E8A7D9200BB62F9 /* Release */ = {
			isa = XCBuildConfiguration;
			buildSettings = {
				ALWAYS_SEARCH_USER_PATHS = NO;
				CLANG_ANALYZER_NONNULL = YES;
				CLANG_CXX_LANGUAGE_STANDARD = "gnu++0x";
				CLANG_CXX_LIBRARY = "libc++";
				CLANG_ENABLE_MODULES = YES;
				CLANG_ENABLE_OBJC_ARC = YES;
				CLANG_WARN_BOOL_CONVERSION = YES;
				CLANG_WARN_CONSTANT_CONVERSION = YES;
				CLANG_WARN_DIRECT_OBJC_ISA_USAGE = YES_ERROR;
				CLANG_WARN_DOCUMENTATION_COMMENTS = YES;
				CLANG_WARN_EMPTY_BODY = YES;
				CLANG_WARN_ENUM_CONVERSION = YES;
				CLANG_WARN_INFINITE_RECURSION = YES;
				CLANG_WARN_INT_CONVERSION = YES;
				CLANG_WARN_OBJC_ROOT_CLASS = YES_ERROR;
				CLANG_WARN_SUSPICIOUS_MOVE = YES;
				CLANG_WARN_UNREACHABLE_CODE = YES;
				CLANG_WARN__DUPLICATE_METHOD_MATCH = YES;
				CODE_SIGN_IDENTITY = "-";
				COPY_PHASE_STRIP = NO;
				DEBUG_INFORMATION_FORMAT = "dwarf-with-dsym";
				ENABLE_NS_ASSERTIONS = NO;
				ENABLE_STRICT_OBJC_MSGSEND = YES;
				GCC_C_LANGUAGE_STANDARD = gnu99;
				GCC_NO_COMMON_BLOCKS = YES;
				GCC_WARN_64_TO_32_BIT_CONVERSION = YES;
				GCC_WARN_ABOUT_RETURN_TYPE = YES_ERROR;
				GCC_WARN_UNDECLARED_SELECTOR = YES;
				GCC_WARN_UNINITIALIZED_AUTOS = YES_AGGRESSIVE;
				GCC_WARN_UNUSED_FUNCTION = YES;
				GCC_WARN_UNUSED_VARIABLE = YES;
				MACOSX_DEPLOYMENT_TARGET = 10.12;
				MTL_ENABLE_DEBUG_INFO = NO;
				SDKROOT = macosx;
			};
			name = Release;
		};
		4CF80FF51E8A7D9200BB62F9 /* Debug */ = {
			isa = XCBuildConfiguration;
			buildSettings = {
				PRODUCT_NAME = "$(TARGET_NAME)";
			};
			name = Debug;
		};
		4CF80FF61E8A7D9200BB62F9 /* Release */ = {
			isa = XCBuildConfiguration;
			buildSettings = {
				PRODUCT_NAME = "$(TARGET_NAME)";
			};
			name = Release;
		};
/* End XCBuildConfiguration section */

/* Begin XCConfigurationList section */
		4CF80FE81E8A7D9200BB62F9 /* Build configuration list for PBXProject "Seminar 3" */ = {
			isa = XCConfigurationList;
			buildConfigurations = (
				4CF80FF21E8A7D9200BB62F9 /* Debug */,
				4CF80FF31E8A7D9200BB62F9 /* Release */,
			);
			defaultConfigurationIsVisible = 0;
			defaultConfigurationName = Release;
		};
		4CF80FF41E8A7D9200BB62F9 /* Build configuration list for PBXNativeTarget "Seminar 3" */ = {
			isa = XCConfigurationList;
			buildConfigurations = (
				4CF80FF51E8A7D9200BB62F9 /* Debug */,
				4CF80FF61E8A7D9200BB62F9 /* Release */,
			);
			defaultConfigurationIsVisible = 0;
		};
/* End XCConfigurationList section */
	};
	rootObject = 4CF80FE51E8A7D9200BB62F9 /* Project object */;
}
